
Microsoft Visual Studio Solution File, Format Version 12.00
# Visual Studio Version 17
VisualStudioVersion = 17.0.32126.317
MinimumVisualStudioVersion = 10.0.40219.1
Project("{9A19103F-16F7-4668-BE54-9A1E7A4F7556}") = "FigureInformation", "FigureInformation\FigureInformation.csproj", "{3763F5DE-76BF-40ED-8847-8F387E8B1AB0}"
EndProject
Project("{FAE04EC0-301F-11D3-BF4B-00C04F79EFBC}") = "Test", "Test\Test.csproj", "{2D19956C-DEC4-426A-B488-4BF4559561BE}"
EndProject
Global
	GlobalSection(SolutionConfigurationPlatforms) = preSolution
		Debug|Any CPU = Debug|Any CPU
		Release|Any CPU = Release|Any CPU
	EndGlobalSection
	GlobalSection(ProjectConfigurationPlatforms) = postSolution
		{3763F5DE-76BF-40ED-8847-8F387E8B1AB0}.Debug|Any CPU.ActiveCfg = Debug|Any CPU
		{3763F5DE-76BF-40ED-8847-8F387E8B1AB0}.Debug|Any CPU.Build.0 = Debug|Any CPU
		{3763F5DE-76BF-40ED-8847-8F387E8B1AB0}.Release|Any CPU.ActiveCfg = Release|Any CPU
		{3763F5DE-76BF-40ED-8847-8F387E8B1AB0}.Release|Any CPU.Build.0 = Release|Any CPU
		{2D19956C-DEC4-426A-B488-4BF4559561BE}.Debug|Any CPU.ActiveCfg = Debug|Any CPU
		{2D19956C-DEC4-426A-B488-4BF4559561BE}.Debug|Any CPU.Build.0 = Debug|Any CPU
		{2D19956C-DEC4-426A-B488-4BF4559561BE}.Release|Any CPU.ActiveCfg = Release|Any CPU
		{2D19956C-DEC4-426A-B488-4BF4559561BE}.Release|Any CPU.Build.0 = Release|Any CPU
	EndGlobalSection
	GlobalSection(SolutionProperties) = preSolution
		HideSolutionNode = FALSE
	EndGlobalSection
	GlobalSection(ExtensibilityGlobals) = postSolution
		SolutionGuid = {F6BFDE47-F99E-45DB-99EE-30203DA9EDB8}
	EndGlobalSection
EndGlobal
